// !$*UTF8*$!
{
	archiveVersion = 1;
	classes = {
	};
	objectVersion = 50;
	objects = {

/* Begin PBXBuildFile section */
		BEBC2AF223F0E68A00313C6D /* AppDelegate.swift in Sources */ = {isa = PBXBuildFile; fileRef = BEBC2AF123F0E68A00313C6D /* AppDelegate.swift */; };
		BEBC2AF423F0E68A00313C6D /* SceneDelegate.swift in Sources */ = {isa = PBXBuildFile; fileRef = BEBC2AF323F0E68A00313C6D /* SceneDelegate.swift */; };
		BEBC2AF623F0E68A00313C6D /* ViewController.swift in Sources */ = {isa = PBXBuildFile; fileRef = BEBC2AF523F0E68A00313C6D /* ViewController.swift */; };
		BEBC2AF923F0E68A00313C6D /* Main.storyboard in Resources */ = {isa = PBXBuildFile; fileRef = BEBC2AF723F0E68A00313C6D /* Main.storyboard */; };
		BEBC2AFB23F0E68C00313C6D /* Assets.xcassets in Resources */ = {isa = PBXBuildFile; fileRef = BEBC2AFA23F0E68C00313C6D /* Assets.xcassets */; };
		BEBC2AFE23F0E68C00313C6D /* LaunchScreen.storyboard in Resources */ = {isa = PBXBuildFile; fileRef = BEBC2AFC23F0E68C00313C6D /* LaunchScreen.storyboard */; };
		BEBC2B0623F0E9D300313C6D /* weatherTableViewController.swift in Sources */ = {isa = PBXBuildFile; fileRef = BEBC2B0523F0E9D300313C6D /* weatherTableViewController.swift */; };
		BEBC2B0A23F0EB6B00313C6D /* focusViewController.swift in Sources */ = {isa = PBXBuildFile; fileRef = BEBC2B0923F0EB6B00313C6D /* focusViewController.swift */; };
/* End PBXBuildFile section */

/* Begin PBXFileReference section */
		BEBC2AEE23F0E68A00313C6D /* CS290-Hw2.app */ = {isa = PBXFileReference; explicitFileType = wrapper.application; includeInIndex = 0; path = "CS290-Hw2.app"; sourceTree = BUILT_PRODUCTS_DIR; };
		BEBC2AF123F0E68A00313C6D /* AppDelegate.swift */ = {isa = PBXFileReference; lastKnownFileType = sourcecode.swift; path = AppDelegate.swift; sourceTree = "<group>"; };
		BEBC2AF323F0E68A00313C6D /* SceneDelegate.swift */ = {isa = PBXFileReference; lastKnownFileType = sourcecode.swift; path = SceneDelegate.swift; sourceTree = "<group>"; };
		BEBC2AF523F0E68A00313C6D /* ViewController.swift */ = {isa = PBXFileReference; lastKnownFileType = sourcecode.swift; path = ViewController.swift; sourceTree = "<group>"; };
		BEBC2AF823F0E68A00313C6D /* Base */ = {isa = PBXFileReference; lastKnownFileType = file.storyboard; name = Base; path = Base.lproj/Main.storyboard; sourceTree = "<group>"; };
		BEBC2AFA23F0E68C00313C6D /* Assets.xcassets */ = {isa = PBXFileReference; lastKnownFileType = folder.assetcatalog; path = Assets.xcassets; sourceTree = "<group>"; };
		BEBC2AFD23F0E68C00313C6D /* Base */ = {isa = PBXFileReference; lastKnownFileType = file.storyboard; name = Base; path = Base.lproj/LaunchScreen.storyboard; sourceTree = "<group>"; };
		BEBC2AFF23F0E68C00313C6D /* Info.plist */ = {isa = PBXFileReference; lastKnownFileType = text.plist.xml; path = Info.plist; sourceTree = "<group>"; };
		BEBC2B0523F0E9D300313C6D /* weatherTableViewController.swift */ = {isa = PBXFileReference; lastKnownFileType = sourcecode.swift; path = weatherTableViewController.swift; sourceTree = "<group>"; };
		BEBC2B0923F0EB6B00313C6D /* focusViewController.swift */ = {isa = PBXFileReference; lastKnownFileType = sourcecode.swift; path = focusViewController.swift; sourceTree = "<group>"; };
/* End PBXFileReference section */

/* Begin PBXFrameworksBuildPhase section */
		BEBC2AEB23F0E68A00313C6D /* Frameworks */ = {
			isa = PBXFrameworksBuildPhase;
			buildActionMask = 2147483647;
			files = (
			);
			runOnlyForDeploymentPostprocessing = 0;
		};
/* End PBXFrameworksBuildPhase section */

/* Begin PBXGroup section */
		BEBC2AE523F0E68A00313C6D = {
			isa = PBXGroup;
			children = (
				BEBC2AF023F0E68A00313C6D /* CS290-Hw2 */,
				BEBC2AEF23F0E68A00313C6D /* Products */,
			);
			sourceTree = "<group>";
		};
		BEBC2AEF23F0E68A00313C6D /* Products */ = {
			isa = PBXGroup;
			children = (
				BEBC2AEE23F0E68A00313C6D /* CS290-Hw2.app */,
			);
			name = Products;
			sourceTree = "<group>";
		};
		BEBC2AF023F0E68A00313C6D /* CS290-Hw2 */ = {
			isa = PBXGroup;
			children = (
				BEBC2AF123F0E68A00313C6D /* AppDelegate.swift */,
				BEBC2AF323F0E68A00313C6D /* SceneDelegate.swift */,
				BEBC2AF523F0E68A00313C6D /* ViewController.swift */,
				BEBC2AF723F0E68A00313C6D /* Main.storyboard */,
				BEBC2B0923F0EB6B00313C6D /* focusViewController.swift */,
				BEBC2B0523F0E9D300313C6D /* weatherTableViewController.swift */,
				BEBC2AFA23F0E68C00313C6D /* Assets.xcassets */,
				BEBC2AFC23F0E68C00313C6D /* LaunchScreen.storyboard */,
				BEBC2AFF23F0E68C00313C6D /* Info.plist */,
			);
			path = "CS290-Hw2";
			sourceTree = "<group>";
		};
/* End PBXGroup section */

/* Begin PBXNativeTarget section */
		BEBC2AED23F0E68A00313C6D /* CS290-Hw2 */ = {
			isa = PBXNativeTarget;
			buildConfigurationList = BEBC2B0223F0E68C00313C6D /* Build configuration list for PBXNativeTarget "CS290-Hw2" */;
			buildPhases = (
				BEBC2AEA23F0E68A00313C6D /* Sources */,
				BEBC2AEB23F0E68A00313C6D /* Frameworks */,
				BEBC2AEC23F0E68A00313C6D /* Resources */,
			);
			buildRules = (
			);
			dependencies = (
			);
			name = "CS290-Hw2";
			productName = "CS290-Hw2";
			productReference = BEBC2AEE23F0E68A00313C6D /* CS290-Hw2.app */;
			productType = "com.apple.product-type.application";
		};
/* End PBXNativeTarget section */

/* Begin PBXProject section */
		BEBC2AE623F0E68A00313C6D /* Project object */ = {
			isa = PBXProject;
			attributes = {
				LastSwiftUpdateCheck = 1130;
				LastUpgradeCheck = 1130;
				ORGANIZATIONNAME = CS290;
				TargetAttributes = {
					BEBC2AED23F0E68A00313C6D = {
						CreatedOnToolsVersion = 11.3.1;
					};
				};
			};
			buildConfigurationList = BEBC2AE923F0E68A00313C6D /* Build configuration list for PBXProject "CS290-Hw2" */;
			compatibilityVersion = "Xcode 9.3";
			developmentRegion = en;
			hasScannedForEncodings = 0;
			knownRegions = (
				en,
				Base,
			);
			mainGroup = BEBC2AE523F0E68A00313C6D;
			productRefGroup = BEBC2AEF23F0E68A00313C6D /* Products */;
			projectDirPath = "";
			projectRoot = "";
			targets = (
				BEBC2AED23F0E68A00313C6D /* CS290-Hw2 */,
			);
		};
/* End PBXProject section */

/* Begin PBXResourcesBuildPhase section */
		BEBC2AEC23F0E68A00313C6D /* Resources */ = {
			isa = PBXResourcesBuildPhase;
			buildActionMask = 2147483647;
			files = (
				BEBC2AFE23F0E68C00313C6D /* LaunchScreen.storyboard in Resources */,
				BEBC2AFB23F0E68C00313C6D /* Assets.xcassets in Resources */,
				BEBC2AF923F0E68A00313C6D /* Main.storyboard in Resources */,
			);
			runOnlyForDeploymentPostprocessing = 0;
		};
/* End PBXResourcesBuildPhase section */

/* Begin PBXSourcesBuildPhase section */
		BEBC2AEA23F0E68A00313C6D /* Sources */ = {
			isa = PBXSourcesBuildPhase;
			buildActionMask = 2147483647;
			files = (
				BEBC2B0623F0E9D300313C6D /* weatherTableViewController.swift in Sources */,
				BEBC2AF623F0E68A00313C6D /* ViewController.swift in Sources */,
				BEBC2AF223F0E68A00313C6D /* AppDelegate.swift in Sources */,
				BEBC2AF423F0E68A00313C6D /* SceneDelegate.swift in Sources */,
				BEBC2B0A23F0EB6B00313C6D /* focusViewController.swift in Sources */,
			);
			runOnlyForDeploymentPostprocessing = 0;
		};
/* End PBXSourcesBuildPhase section */

/* Begin PBXVariantGroup section */
		BEBC2AF723F0E68A00313C6D /* Main.storyboard */ = {
			isa = PBXVariantGroup;
			children = (
				BEBC2AF823F0E68A00313C6D /* Base */,
			);
			name = Main.storyboard;
			sourceTree = "<group>";
		};
		BEBC2AFC23F0E68C00313C6D /* LaunchScreen.storyboard */ = {
			isa = PBXVariantGroup;
			children = (
				BEBC2AFD23F0E68C00313C6D /* Base */,
			);
			name = LaunchScreen.storyboard;
			sourceTree = "<group>";
		};
/* End PBXVariantGroup section */

/* Begin XCBuildConfiguration section */
		BEBC2B0023F0E68C00313C6D /* Debug */ = {
			isa = XCBuildConfiguration;
			buildSettings = {
				ALWAYS_SEARCH_USER_PATHS = NO;
				CLANG_ANALYZER_NONNULL = YES;
				CLANG_ANALYZER_NUMBER_OBJECT_CONVERSION = YES_AGGRESSIVE;
				CLANG_CXX_LANGUAGE_STANDARD = "gnu++14";
				CLANG_CXX_LIBRARY = "libc++";
				CLANG_ENABLE_MODULES = YES;
				CLANG_ENABLE_OBJC_ARC = YES;
				CLANG_ENABLE_OBJC_WEAK = YES;
				CLANG_WARN_BLOCK_CAPTURE_AUTORELEASING = YES;
				CLANG_WARN_BOOL_CONVERSION = YES;
				CLANG_WARN_COMMA = YES;
				CLANG_WARN_CONSTANT_CONVERSION = YES;
				CLANG_WARN_DEPRECATED_OBJC_IMPLEMENTATIONS = YES;
				CLANG_WARN_DIRECT_OBJC_ISA_USAGE = YES_ERROR;
				CLANG_WARN_DOCUMENTATION_COMMENTS = YES;
				CLANG_WARN_EMPTY_BODY = YES;
				CLANG_WARN_ENUM_CONVERSION = YES;
				CLANG_WARN_INFINITE_RECURSION = YES;
				CLANG_WARN_INT_CONVERSION = YES;
				CLANG_WARN_NON_LITERAL_NULL_CONVERSION = YES;
				CLANG_WARN_OBJC_IMPLICIT_RETAIN_SELF = YES;
				CLANG_WARN_OBJC_LITERAL_CONVERSION = YES;
				CLANG_WARN_OBJC_ROOT_CLASS = YES_ERROR;
				CLANG_WARN_RANGE_LOOP_ANALYSIS = YES;
				CLANG_WARN_STRICT_PROTOTYPES = YES;
				CLANG_WARN_SUSPICIOUS_MOVE = YES;
				CLANG_WARN_UNGUARDED_AVAILABILITY = YES_AGGRESSIVE;
				CLANG_WARN_UNREACHABLE_CODE = YES;
				CLANG_WARN__DUPLICATE_METHOD_MATCH = YES;
				COPY_PHASE_STRIP = NO;
				DEBUG_INFORMATION_FORMAT = dwarf;
				ENABLE_STRICT_OBJC_MSGSEND = YES;
				ENABLE_TESTABILITY = YES;
				GCC_C_LANGUAGE_STANDARD = gnu11;
				GCC_DYNAMIC_NO_PIC = NO;
				GCC_NO_COMMON_BLOCKS = YES;
				GCC_OPTIMIZATION_LEVEL = 0;
				GCC_PREPROCESSOR_DEFINITIONS = (
					"DEBUG=1",
					"$(inherited)",
				);
				GCC_WARN_64_TO_32_BIT_CONVERSION = YES;
				GCC_WARN_ABOUT_RETURN_TYPE = YES_ERROR;
				GCC_WARN_UNDECLARED_SELECTOR = YES;
				GCC_WARN_UNINITIALIZED_AUTOS = YES_AGGRESSIVE;
				GCC_WARN_UNUSED_FUNCTION = YES;
				GCC_WARN_UNUSED_VARIABLE = YES;
				IPHONEOS_DEPLOYMENT_TARGET = 13.2;
				MTL_ENABLE_DEBUG_INFO = INCLUDE_SOURCE;
				MTL_FAST_MATH = YES;
				ONLY_ACTIVE_ARCH = YES;
				SDKROOT = iphoneos;
				SWIFT_ACTIVE_COMPILATION_CONDITIONS = DEBUG;
				SWIFT_OPTIMIZATION_LEVEL = "-Onone";
			};
			name = Debug;
		};
		BEBC2B0123F0E68C00313C6D /* Release */ = {
			isa = XCBuildConfiguration;
			buildSettings = {
				ALWAYS_SEARCH_USER_PATHS = NO;
				CLANG_ANALYZER_NONNULL = YES;
				CLANG_ANALYZER_NUMBER_OBJECT_CONVERSION = YES_AGGRESSIVE;
				CLANG_CXX_LANGUAGE_STANDARD = "gnu++14";
				CLANG_CXX_LIBRARY = "libc++";
				CLANG_ENABLE_MODULES = YES;
				CLANG_ENABLE_OBJC_ARC = YES;
				CLANG_ENABLE_OBJC_WEAK = YES;
				CLANG_WARN_BLOCK_CAPTURE_AUTORELEASING = YES;
				CLANG_WARN_BOOL_CONVERSION = YES;
				CLANG_WARN_COMMA = YES;
				CLANG_WARN_CONSTANT_CONVERSION = YES;
				CLANG_WARN_DEPRECATED_OBJC_IMPLEMENTATIONS = YES;
				CLANG_WARN_DIRECT_OBJC_ISA_USAGE = YES_ERROR;
				CLANG_WARN_DOCUMENTATION_COMMENTS = YES;
				CLANG_WARN_EMPTY_BODY = YES;
				CLANG_WARN_ENUM_CONVERSION = YES;
				CLANG_WARN_INFINITE_RECURSION = YES;
				CLANG_WARN_INT_CONVERSION = YES;
				CLANG_WARN_NON_LITERAL_NULL_CONVERSION = YES;
				CLANG_WARN_OBJC_IMPLICIT_RETAIN_SELF = YES;
				CLANG_WARN_OBJC_LITERAL_CONVERSION = YES;
				CLANG_WARN_OBJC_ROOT_CLASS = YES_ERROR;
				CLANG_WARN_RANGE_LOOP_ANALYSIS = YES;
				CLANG_WARN_STRICT_PROTOTYPES = YES;
				CLANG_WARN_SUSPICIOUS_MOVE = YES;
				CLANG_WARN_UNGUARDED_AVAILABILITY = YES_AGGRESSIVE;
				CLANG_WARN_UNREACHABLE_CODE = YES;
				CLANG_WARN__DUPLICATE_METHOD_MATCH = YES;
				COPY_PHASE_STRIP = NO;
				DEBUG_INFORMATION_FORMAT = "dwarf-with-dsym";
				ENABLE_NS_ASSERTIONS = NO;
				ENABLE_STRICT_OBJC_MSGSEND = YES;
				GCC_C_LANGUAGE_STANDARD = gnu11;
				GCC_NO_COMMON_BLOCKS = YES;
				GCC_WARN_64_TO_32_BIT_CONVERSION = YES;
				GCC_WARN_ABOUT_RETURN_TYPE = YES_ERROR;
				GCC_WARN_UNDECLARED_SELECTOR = YES;
				GCC_WARN_UNINITIALIZED_AUTOS = YES_AGGRESSIVE;
				GCC_WARN_UNUSED_FUNCTION = YES;
				GCC_WARN_UNUSED_VARIABLE = YES;
				IPHONEOS_DEPLOYMENT_TARGET = 13.2;
				MTL_ENABLE_DEBUG_INFO = NO;
				MTL_FAST_MATH = YES;
				SDKROOT = iphoneos;
				SWIFT_COMPILATION_MODE = wholemodule;
				SWIFT_OPTIMIZATION_LEVEL = "-O";
				VALIDATE_PRODUCT = YES;
			};
			name = Release;
		};
		BEBC2B0323F0E68C00313C6D /* Debug */ = {
			isa = XCBuildConfiguration;
			buildSettings = {
				ASSETCATALOG_COMPILER_APPICON_NAME = AppIcon;
				CODE_SIGN_STYLE = Automatic;
				DEVELOPMENT_TEAM = N8W3L38P3B;
				INFOPLIST_FILE = "CS290-Hw2/Info.plist";
				LD_RUNPATH_SEARCH_PATHS = (
					"$(inherited)",
					"@executable_path/Frameworks",
				);
				PRODUCT_BUNDLE_IDENTIFIER = "duke.CS290-Hw2";
				PRODUCT_NAME = "$(TARGET_NAME)";
				SWIFT_VERSION = 5.0;
				TARGETED_DEVICE_FAMILY = "1,2";
			};
			name = Debug;
		};
		BEBC2B0423F0E68C00313C6D /* Release */ = {
			isa = XCBuildConfiguration;
			buildSettings = {
				ASSETCATALOG_COMPILER_APPICON_NAME = AppIcon;
				CODE_SIGN_STYLE = Automatic;
				DEVELOPMENT_TEAM = N8W3L38P3B;
				INFOPLIST_FILE = "CS290-Hw2/Info.plist";
				LD_RUNPATH_SEARCH_PATHS = (
					"$(inherited)",
					"@executable_path/Frameworks",
				);
				PRODUCT_BUNDLE_IDENTIFIER = "duke.CS290-Hw2";
				PRODUCT_NAME = "$(TARGET_NAME)";
				SWIFT_VERSION = 5.0;
				TARGETED_DEVICE_FAMILY = "1,2";
			};
			name = Release;
		};
/* End XCBuildConfiguration section */

/* Begin XCConfigurationList section */
		BEBC2AE923F0E68A00313C6D /* Build configuration list for PBXProject "CS290-Hw2" */ = {
			isa = XCConfigurationList;
			buildConfigurations = (
				BEBC2B0023F0E68C00313C6D /* Debug */,
				BEBC2B0123F0E68C00313C6D /* Release */,
			);
			defaultConfigurationIsVisible = 0;
			defaultConfigurationName = Release;
		};
		BEBC2B0223F0E68C00313C6D /* Build configuration list for PBXNativeTarget "CS290-Hw2" */ = {
			isa = XCConfigurationList;
			buildConfigurations = (
				BEBC2B0323F0E68C00313C6D /* Debug */,
				BEBC2B0423F0E68C00313C6D /* Release */,
			);
			defaultConfigurationIsVisible = 0;
			defaultConfigurationName = Release;
		};
/* End XCConfigurationList section */
	};
	rootObject = BEBC2AE623F0E68A00313C6D /* Project object */;
}
